
Microsoft Visual Studio Solution File, Format Version 12.00
Project("{FAE04EC0-301F-11D3-BF4B-00C04F79EFBC}") = "BindableLayoutIssue", "BindableLayoutIssue\BindableLayoutIssue.csproj", "{D90BD739-51E2-48D4-AC3C-FA3183960CBC}"
EndProject
Global
	GlobalSection(SolutionConfigurationPlatforms) = preSolution
		Debug|Any CPU = Debug|Any CPU
		Release|Any CPU = Release|Any CPU
	EndGlobalSection
	GlobalSection(ProjectConfigurationPlatforms) = postSolution
		{D90BD739-51E2-48D4-AC3C-FA3183960CBC}.Debug|Any CPU.ActiveCfg = Debug|Any CPU
		{D90BD739-51E2-48D4-AC3C-FA3183960CBC}.Debug|Any CPU.Build.0 = Debug|Any CPU
		{D90BD739-51E2-48D4-AC3C-FA3183960CBC}.Release|Any CPU.ActiveCfg = Release|Any CPU
		{D90BD739-51E2-48D4-AC3C-FA3183960CBC}.Release|Any CPU.Build.0 = Release|Any CPU
	EndGlobalSection
EndGlobal
